
Microsoft Visual Studio Solution File, Format Version 12.00
# Visual Studio Version 17
VisualStudioVersion = 17.0.31912.275
MinimumVisualStudioVersion = 10.0.40219.1
Project("{9A19103F-16F7-4668-BE54-9A1E7A4F7556}") = "Zadanie1", "Zadanie1\Zadanie1.csproj", "{28FF2A6A-BE98-48A9-8CEC-F10EBCC19AFB}"
EndProject
Project("{FAE04EC0-301F-11D3-BF4B-00C04F79EFBC}") = "Zadanie1UnitTests", "MSTEST\Zadanie1UnitTests.csproj", "{71F5AFD7-6D45-4AF9-B7A0-275F37FF9DEF}"
EndProject
Project("{FAE04EC0-301F-11D3-BF4B-00C04F79EFBC}") = "Zadanie2UnitTests", "Zadanie2UnitTests\Zadanie2UnitTests.csproj", "{F581F035-E861-404C-825B-D628E0E279F4}"
EndProject
Project("{FAE04EC0-301F-11D3-BF4B-00C04F79EFBC}") = "Zadanie2", "Zadanie2\Zadanie2.csproj", "{B9825CB4-90C3-4C91-9E0E-D8D110BD12C8}"
EndProject
Project("{FAE04EC0-301F-11D3-BF4B-00C04F79EFBC}") = "Zadanie3", "Zadanie3\Zadanie3.csproj", "{3AD9F04E-71A5-4A71-9B6A-322612400A9F}"
EndProject
Project("{FAE04EC0-301F-11D3-BF4B-00C04F79EFBC}") = "Zadanie3UnitTests", "Zadanie3UnitTests\Zadanie3UnitTests.csproj", "{E78137D2-C958-404B-BB46-95FFFD6C7FF8}"
EndProject
Global
	GlobalSection(SolutionConfigurationPlatforms) = preSolution
		Debug|Any CPU = Debug|Any CPU
		Release|Any CPU = Release|Any CPU
	EndGlobalSection
	GlobalSection(ProjectConfigurationPlatforms) = postSolution
		{28FF2A6A-BE98-48A9-8CEC-F10EBCC19AFB}.Debug|Any CPU.ActiveCfg = Debug|Any CPU
		{28FF2A6A-BE98-48A9-8CEC-F10EBCC19AFB}.Debug|Any CPU.Build.0 = Debug|Any CPU
		{28FF2A6A-BE98-48A9-8CEC-F10EBCC19AFB}.Release|Any CPU.ActiveCfg = Release|Any CPU
		{28FF2A6A-BE98-48A9-8CEC-F10EBCC19AFB}.Release|Any CPU.Build.0 = Release|Any CPU
		{71F5AFD7-6D45-4AF9-B7A0-275F37FF9DEF}.Debug|Any CPU.ActiveCfg = Debug|Any CPU
		{71F5AFD7-6D45-4AF9-B7A0-275F37FF9DEF}.Debug|Any CPU.Build.0 = Debug|Any CPU
		{71F5AFD7-6D45-4AF9-B7A0-275F37FF9DEF}.Release|Any CPU.ActiveCfg = Release|Any CPU
		{71F5AFD7-6D45-4AF9-B7A0-275F37FF9DEF}.Release|Any CPU.Build.0 = Release|Any CPU
		{F581F035-E861-404C-825B-D628E0E279F4}.Debug|Any CPU.ActiveCfg = Debug|Any CPU
		{F581F035-E861-404C-825B-D628E0E279F4}.Debug|Any CPU.Build.0 = Debug|Any CPU
		{F581F035-E861-404C-825B-D628E0E279F4}.Release|Any CPU.ActiveCfg = Release|Any CPU
		{F581F035-E861-404C-825B-D628E0E279F4}.Release|Any CPU.Build.0 = Release|Any CPU
		{B9825CB4-90C3-4C91-9E0E-D8D110BD12C8}.Debug|Any CPU.ActiveCfg = Debug|Any CPU
		{B9825CB4-90C3-4C91-9E0E-D8D110BD12C8}.Debug|Any CPU.Build.0 = Debug|Any CPU
		{B9825CB4-90C3-4C91-9E0E-D8D110BD12C8}.Release|Any CPU.ActiveCfg = Release|Any CPU
		{B9825CB4-90C3-4C91-9E0E-D8D110BD12C8}.Release|Any CPU.Build.0 = Release|Any CPU
		{3AD9F04E-71A5-4A71-9B6A-322612400A9F}.Debug|Any CPU.ActiveCfg = Debug|Any CPU
		{3AD9F04E-71A5-4A71-9B6A-322612400A9F}.Debug|Any CPU.Build.0 = Debug|Any CPU
		{3AD9F04E-71A5-4A71-9B6A-322612400A9F}.Release|Any CPU.ActiveCfg = Release|Any CPU
		{3AD9F04E-71A5-4A71-9B6A-322612400A9F}.Release|Any CPU.Build.0 = Release|Any CPU
		{E78137D2-C958-404B-BB46-95FFFD6C7FF8}.Debug|Any CPU.ActiveCfg = Debug|Any CPU
		{E78137D2-C958-404B-BB46-95FFFD6C7FF8}.Debug|Any CPU.Build.0 = Debug|Any CPU
		{E78137D2-C958-404B-BB46-95FFFD6C7FF8}.Release|Any CPU.ActiveCfg = Release|Any CPU
		{E78137D2-C958-404B-BB46-95FFFD6C7FF8}.Release|Any CPU.Build.0 = Release|Any CPU
	EndGlobalSection
	GlobalSection(SolutionProperties) = preSolution
		HideSolutionNode = FALSE
	EndGlobalSection
	GlobalSection(ExtensibilityGlobals) = postSolution
		SolutionGuid = {39567588-16FB-44A8-9399-E03D84844483}
	EndGlobalSection
EndGlobal
