
Microsoft Visual Studio Solution File, Format Version 12.00
# Visual Studio Version 17
VisualStudioVersion = 17.1.32210.238
MinimumVisualStudioVersion = 10.0.40219.1
Project("{FAE04EC0-301F-11D3-BF4B-00C04F79EFBC}") = "WynikiBiegacza", "WynikiBiegacza\WynikiBiegacza.csproj", "{6CF381CC-311D-4180-B2AD-2CCD054FCF27}"
EndProject
Global
	GlobalSection(SolutionConfigurationPlatforms) = preSolution
		Debug|Any CPU = Debug|Any CPU
		Release|Any CPU = Release|Any CPU
	EndGlobalSection
	GlobalSection(ProjectConfigurationPlatforms) = postSolution
		{6CF381CC-311D-4180-B2AD-2CCD054FCF27}.Debug|Any CPU.ActiveCfg = Debug|Any CPU
		{6CF381CC-311D-4180-B2AD-2CCD054FCF27}.Debug|Any CPU.Build.0 = Debug|Any CPU
		{6CF381CC-311D-4180-B2AD-2CCD054FCF27}.Release|Any CPU.ActiveCfg = Release|Any CPU
		{6CF381CC-311D-4180-B2AD-2CCD054FCF27}.Release|Any CPU.Build.0 = Release|Any CPU
	EndGlobalSection
	GlobalSection(SolutionProperties) = preSolution
		HideSolutionNode = FALSE
	EndGlobalSection
	GlobalSection(ExtensibilityGlobals) = postSolution
		SolutionGuid = {7EB66F2C-CE42-4D13-B27F-6ACA63E0D6C7}
	EndGlobalSection
EndGlobal
