
Microsoft Visual Studio Solution File, Format Version 12.00
# Visual Studio Version 17
VisualStudioVersion = 17.1.32210.238
MinimumVisualStudioVersion = 10.0.40219.1
Project("{FAE04EC0-301F-11D3-BF4B-00C04F79EFBC}") = "Zarzadzanie", "Zarzadzanie\Zarzadzanie.csproj", "{BB1FF178-DF0E-474D-BDD6-EFF5A32C9FB6}"
EndProject
Global
	GlobalSection(SolutionConfigurationPlatforms) = preSolution
		Debug|Any CPU = Debug|Any CPU
		Release|Any CPU = Release|Any CPU
	EndGlobalSection
	GlobalSection(ProjectConfigurationPlatforms) = postSolution
		{BB1FF178-DF0E-474D-BDD6-EFF5A32C9FB6}.Debug|Any CPU.ActiveCfg = Debug|Any CPU
		{BB1FF178-DF0E-474D-BDD6-EFF5A32C9FB6}.Debug|Any CPU.Build.0 = Debug|Any CPU
		{BB1FF178-DF0E-474D-BDD6-EFF5A32C9FB6}.Release|Any CPU.ActiveCfg = Release|Any CPU
		{BB1FF178-DF0E-474D-BDD6-EFF5A32C9FB6}.Release|Any CPU.Build.0 = Release|Any CPU
	EndGlobalSection
	GlobalSection(SolutionProperties) = preSolution
		HideSolutionNode = FALSE
	EndGlobalSection
	GlobalSection(ExtensibilityGlobals) = postSolution
		SolutionGuid = {DF7D4CBE-A489-4EB8-9F9C-B4AFB7DF2294}
	EndGlobalSection
EndGlobal
