
Microsoft Visual Studio Solution File, Format Version 12.00
# Visual Studio Version 17
VisualStudioVersion = 17.2.32516.85
MinimumVisualStudioVersion = 10.0.40219.1
Project("{FAE04EC0-301F-11D3-BF4B-00C04F79EFBC}") = "TempElementsLib", "TempElementsLib\TempElementsLib.csproj", "{84694B89-F287-4785-9BF0-E0722B50CFA4}"
EndProject
Project("{FAE04EC0-301F-11D3-BF4B-00C04F79EFBC}") = "TempElementsConsoleApp", "TempElementsConsoleApp\TempElementsConsoleApp.csproj", "{CE3C0C70-0EDC-4E2D-A601-E70642D79485}"
EndProject
Global
	GlobalSection(SolutionConfigurationPlatforms) = preSolution
		Debug|Any CPU = Debug|Any CPU
		Release|Any CPU = Release|Any CPU
	EndGlobalSection
	GlobalSection(ProjectConfigurationPlatforms) = postSolution
		{84694B89-F287-4785-9BF0-E0722B50CFA4}.Debug|Any CPU.ActiveCfg = Debug|Any CPU
		{84694B89-F287-4785-9BF0-E0722B50CFA4}.Debug|Any CPU.Build.0 = Debug|Any CPU
		{84694B89-F287-4785-9BF0-E0722B50CFA4}.Release|Any CPU.ActiveCfg = Release|Any CPU
		{84694B89-F287-4785-9BF0-E0722B50CFA4}.Release|Any CPU.Build.0 = Release|Any CPU
		{CE3C0C70-0EDC-4E2D-A601-E70642D79485}.Debug|Any CPU.ActiveCfg = Debug|Any CPU
		{CE3C0C70-0EDC-4E2D-A601-E70642D79485}.Debug|Any CPU.Build.0 = Debug|Any CPU
		{CE3C0C70-0EDC-4E2D-A601-E70642D79485}.Release|Any CPU.ActiveCfg = Release|Any CPU
		{CE3C0C70-0EDC-4E2D-A601-E70642D79485}.Release|Any CPU.Build.0 = Release|Any CPU
	EndGlobalSection
	GlobalSection(SolutionProperties) = preSolution
		HideSolutionNode = FALSE
	EndGlobalSection
	GlobalSection(ExtensibilityGlobals) = postSolution
		SolutionGuid = {22FCD2D7-0A2D-4174-A948-F2D8ACFB7598}
	EndGlobalSection
EndGlobal
