
Microsoft Visual Studio Solution File, Format Version 12.00
# Visual Studio Version 17
VisualStudioVersion = 17.2.32516.85
MinimumVisualStudioVersion = 10.0.40219.1
Project("{FAE04EC0-301F-11D3-BF4B-00C04F79EFBC}") = "PersonAndLord", "PersonAndLord\PersonAndLord.csproj", "{5BD7AA3B-673A-415B-9A5E-3B2C39DC3234}"
EndProject
Global
	GlobalSection(SolutionConfigurationPlatforms) = preSolution
		Debug|Any CPU = Debug|Any CPU
		Release|Any CPU = Release|Any CPU
	EndGlobalSection
	GlobalSection(ProjectConfigurationPlatforms) = postSolution
		{5BD7AA3B-673A-415B-9A5E-3B2C39DC3234}.Debug|Any CPU.ActiveCfg = Debug|Any CPU
		{5BD7AA3B-673A-415B-9A5E-3B2C39DC3234}.Debug|Any CPU.Build.0 = Debug|Any CPU
		{5BD7AA3B-673A-415B-9A5E-3B2C39DC3234}.Release|Any CPU.ActiveCfg = Release|Any CPU
		{5BD7AA3B-673A-415B-9A5E-3B2C39DC3234}.Release|Any CPU.Build.0 = Release|Any CPU
	EndGlobalSection
	GlobalSection(SolutionProperties) = preSolution
		HideSolutionNode = FALSE
	EndGlobalSection
	GlobalSection(ExtensibilityGlobals) = postSolution
		SolutionGuid = {8190E88A-F26E-414E-B0B0-365798203520}
	EndGlobalSection
EndGlobal
